// !$*UTF8*$!
{
	archiveVersion = 1;
	classes = {
	};
	objectVersion = 50;
	objects = {

/* Begin PBXBuildFile section */
		2A0A837722B9E9BA00E97FCC /* DrawViewController.swift in Sources */ = {isa = PBXBuildFile; fileRef = 2A0A837522B9E9BA00E97FCC /* DrawViewController.swift */; };
		2A0A837822B9E9BA00E97FCC /* DrawViewController.xib in Resources */ = {isa = PBXBuildFile; fileRef = 2A0A837622B9E9BA00E97FCC /* DrawViewController.xib */; };
		2A0A837C22BA29C800E97FCC /* PageViewController.swift in Sources */ = {isa = PBXBuildFile; fileRef = 2A0A837A22BA29C800E97FCC /* PageViewController.swift */; };
		2A0A837D22BA29C800E97FCC /* PageViewController.xib in Resources */ = {isa = PBXBuildFile; fileRef = 2A0A837B22BA29C800E97FCC /* PageViewController.xib */; };
		2A524F7722B73AC50064C684 /* PoinView.swift in Sources */ = {isa = PBXBuildFile; fileRef = 2A524F7622B73AC50064C684 /* PoinView.swift */; };
		2A524F7B22B7406F0064C684 /* ImageViewController.swift in Sources */ = {isa = PBXBuildFile; fileRef = 2A524F7922B7406F0064C684 /* ImageViewController.swift */; };
		2A524F7C22B7406F0064C684 /* ImageViewController.xib in Resources */ = {isa = PBXBuildFile; fileRef = 2A524F7A22B7406F0064C684 /* ImageViewController.xib */; };
		2A524F7F22B76FA80064C684 /* DrawView.swift in Sources */ = {isa = PBXBuildFile; fileRef = 2A524F7E22B76FA80064C684 /* DrawView.swift */; };
		2A524F8522B89E4A0064C684 /* MoveViewController.swift in Sources */ = {isa = PBXBuildFile; fileRef = 2A524F8322B89E4A0064C684 /* MoveViewController.swift */; };
		2A524F8622B89E4A0064C684 /* MoveViewController.xib in Resources */ = {isa = PBXBuildFile; fileRef = 2A524F8422B89E4A0064C684 /* MoveViewController.xib */; };
		2ACFD38B22B1FA36005AA9EE /* AppDelegate.swift in Sources */ = {isa = PBXBuildFile; fileRef = 2ACFD38A22B1FA36005AA9EE /* AppDelegate.swift */; };
		2ACFD39022B1FA36005AA9EE /* Main.storyboard in Resources */ = {isa = PBXBuildFile; fileRef = 2ACFD38E22B1FA36005AA9EE /* Main.storyboard */; };
		2ACFD39222B1FA3B005AA9EE /* Assets.xcassets in Resources */ = {isa = PBXBuildFile; fileRef = 2ACFD39122B1FA3B005AA9EE /* Assets.xcassets */; };
		2ACFD39522B1FA3B005AA9EE /* LaunchScreen.storyboard in Resources */ = {isa = PBXBuildFile; fileRef = 2ACFD39322B1FA3B005AA9EE /* LaunchScreen.storyboard */; };
		2ACFD3A022B1FA3B005AA9EE /* MapViewDemoTests.swift in Sources */ = {isa = PBXBuildFile; fileRef = 2ACFD39F22B1FA3B005AA9EE /* MapViewDemoTests.swift */; };
		2ACFD3AB22B1FA3B005AA9EE /* MapViewDemoUITests.swift in Sources */ = {isa = PBXBuildFile; fileRef = 2ACFD3AA22B1FA3B005AA9EE /* MapViewDemoUITests.swift */; };
		2ACFD3BB22B1FA5A005AA9EE /* HomeViewController.swift in Sources */ = {isa = PBXBuildFile; fileRef = 2ACFD3B922B1FA5A005AA9EE /* HomeViewController.swift */; };
		2ACFD3BC22B1FA5A005AA9EE /* HomeViewController.xib in Resources */ = {isa = PBXBuildFile; fileRef = 2ACFD3BA22B1FA5A005AA9EE /* HomeViewController.xib */; };
		2ACFD3C022B1FB44005AA9EE /* MapViewController.swift in Sources */ = {isa = PBXBuildFile; fileRef = 2ACFD3BE22B1FB44005AA9EE /* MapViewController.swift */; };
		2ACFD3C122B1FB44005AA9EE /* MapViewController.xib in Resources */ = {isa = PBXBuildFile; fileRef = 2ACFD3BF22B1FB44005AA9EE /* MapViewController.xib */; };
		2ACFD3C422B1FCB8005AA9EE /* Location.swift in Sources */ = {isa = PBXBuildFile; fileRef = 2ACFD3C322B1FCB8005AA9EE /* Location.swift */; };
		2ACFD3C622B1FE39005AA9EE /* LocationStorage.swift in Sources */ = {isa = PBXBuildFile; fileRef = 2ACFD3C522B1FE39005AA9EE /* LocationStorage.swift */; };
		2ACFD3C922B349DD005AA9EE /* Canvas.swift in Sources */ = {isa = PBXBuildFile; fileRef = 2ACFD3C822B349DD005AA9EE /* Canvas.swift */; };
/* End PBXBuildFile section */

/* Begin PBXContainerItemProxy section */
		2ACFD39C22B1FA3B005AA9EE /* PBXContainerItemProxy */ = {
			isa = PBXContainerItemProxy;
			containerPortal = 2ACFD37F22B1FA36005AA9EE /* Project object */;
			proxyType = 1;
			remoteGlobalIDString = 2ACFD38622B1FA36005AA9EE;
			remoteInfo = MapViewDemo;
		};
		2ACFD3A722B1FA3B005AA9EE /* PBXContainerItemProxy */ = {
			isa = PBXContainerItemProxy;
			containerPortal = 2ACFD37F22B1FA36005AA9EE /* Project object */;
			proxyType = 1;
			remoteGlobalIDString = 2ACFD38622B1FA36005AA9EE;
			remoteInfo = MapViewDemo;
		};
/* End PBXContainerItemProxy section */

/* Begin PBXFileReference section */
		2A0A837522B9E9BA00E97FCC /* DrawViewController.swift */ = {isa = PBXFileReference; lastKnownFileType = sourcecode.swift; path = DrawViewController.swift; sourceTree = "<group>"; };
		2A0A837622B9E9BA00E97FCC /* DrawViewController.xib */ = {isa = PBXFileReference; lastKnownFileType = file.xib; path = DrawViewController.xib; sourceTree = "<group>"; };
		2A0A837A22BA29C800E97FCC /* PageViewController.swift */ = {isa = PBXFileReference; lastKnownFileType = sourcecode.swift; path = PageViewController.swift; sourceTree = "<group>"; };
		2A0A837B22BA29C800E97FCC /* PageViewController.xib */ = {isa = PBXFileReference; lastKnownFileType = file.xib; path = PageViewController.xib; sourceTree = "<group>"; };
		2A524F7622B73AC50064C684 /* PoinView.swift */ = {isa = PBXFileReference; lastKnownFileType = sourcecode.swift; path = PoinView.swift; sourceTree = "<group>"; };
		2A524F7922B7406F0064C684 /* ImageViewController.swift */ = {isa = PBXFileReference; lastKnownFileType = sourcecode.swift; path = ImageViewController.swift; sourceTree = "<group>"; };
		2A524F7A22B7406F0064C684 /* ImageViewController.xib */ = {isa = PBXFileReference; lastKnownFileType = file.xib; path = ImageViewController.xib; sourceTree = "<group>"; };
		2A524F7E22B76FA80064C684 /* DrawView.swift */ = {isa = PBXFileReference; lastKnownFileType = sourcecode.swift; path = DrawView.swift; sourceTree = "<group>"; };
		2A524F8322B89E4A0064C684 /* MoveViewController.swift */ = {isa = PBXFileReference; lastKnownFileType = sourcecode.swift; path = MoveViewController.swift; sourceTree = "<group>"; };
		2A524F8422B89E4A0064C684 /* MoveViewController.xib */ = {isa = PBXFileReference; lastKnownFileType = file.xib; path = MoveViewController.xib; sourceTree = "<group>"; };
		2ACFD38722B1FA36005AA9EE /* MapViewDemo.app */ = {isa = PBXFileReference; explicitFileType = wrapper.application; includeInIndex = 0; path = MapViewDemo.app; sourceTree = BUILT_PRODUCTS_DIR; };
		2ACFD38A22B1FA36005AA9EE /* AppDelegate.swift */ = {isa = PBXFileReference; lastKnownFileType = sourcecode.swift; path = AppDelegate.swift; sourceTree = "<group>"; };
		2ACFD38F22B1FA36005AA9EE /* Base */ = {isa = PBXFileReference; lastKnownFileType = file.storyboard; name = Base; path = Base.lproj/Main.storyboard; sourceTree = "<group>"; };
		2ACFD39122B1FA3B005AA9EE /* Assets.xcassets */ = {isa = PBXFileReference; lastKnownFileType = folder.assetcatalog; path = Assets.xcassets; sourceTree = "<group>"; };
		2ACFD39422B1FA3B005AA9EE /* Base */ = {isa = PBXFileReference; lastKnownFileType = file.storyboard; name = Base; path = Base.lproj/LaunchScreen.storyboard; sourceTree = "<group>"; };
		2ACFD39622B1FA3B005AA9EE /* Info.plist */ = {isa = PBXFileReference; lastKnownFileType = text.plist.xml; path = Info.plist; sourceTree = "<group>"; };
		2ACFD39B22B1FA3B005AA9EE /* MapViewDemoTests.xctest */ = {isa = PBXFileReference; explicitFileType = wrapper.cfbundle; includeInIndex = 0; path = MapViewDemoTests.xctest; sourceTree = BUILT_PRODUCTS_DIR; };
		2ACFD39F22B1FA3B005AA9EE /* MapViewDemoTests.swift */ = {isa = PBXFileReference; lastKnownFileType = sourcecode.swift; path = MapViewDemoTests.swift; sourceTree = "<group>"; };
		2ACFD3A122B1FA3B005AA9EE /* Info.plist */ = {isa = PBXFileReference; lastKnownFileType = text.plist.xml; path = Info.plist; sourceTree = "<group>"; };
		2ACFD3A622B1FA3B005AA9EE /* MapViewDemoUITests.xctest */ = {isa = PBXFileReference; explicitFileType = wrapper.cfbundle; includeInIndex = 0; path = MapViewDemoUITests.xctest; sourceTree = BUILT_PRODUCTS_DIR; };
		2ACFD3AA22B1FA3B005AA9EE /* MapViewDemoUITests.swift */ = {isa = PBXFileReference; lastKnownFileType = sourcecode.swift; path = MapViewDemoUITests.swift; sourceTree = "<group>"; };
		2ACFD3AC22B1FA3B005AA9EE /* Info.plist */ = {isa = PBXFileReference; lastKnownFileType = text.plist.xml; path = Info.plist; sourceTree = "<group>"; };
		2ACFD3B922B1FA5A005AA9EE /* HomeViewController.swift */ = {isa = PBXFileReference; lastKnownFileType = sourcecode.swift; path = HomeViewController.swift; sourceTree = "<group>"; };
		2ACFD3BA22B1FA5A005AA9EE /* HomeViewController.xib */ = {isa = PBXFileReference; lastKnownFileType = file.xib; path = HomeViewController.xib; sourceTree = "<group>"; };
		2ACFD3BE22B1FB44005AA9EE /* MapViewController.swift */ = {isa = PBXFileReference; lastKnownFileType = sourcecode.swift; path = MapViewController.swift; sourceTree = "<group>"; };
		2ACFD3BF22B1FB44005AA9EE /* MapViewController.xib */ = {isa = PBXFileReference; lastKnownFileType = file.xib; path = MapViewController.xib; sourceTree = "<group>"; };
		2ACFD3C322B1FCB8005AA9EE /* Location.swift */ = {isa = PBXFileReference; lastKnownFileType = sourcecode.swift; path = Location.swift; sourceTree = "<group>"; };
		2ACFD3C522B1FE39005AA9EE /* LocationStorage.swift */ = {isa = PBXFileReference; lastKnownFileType = sourcecode.swift; path = LocationStorage.swift; sourceTree = "<group>"; };
		2ACFD3C822B349DD005AA9EE /* Canvas.swift */ = {isa = PBXFileReference; lastKnownFileType = sourcecode.swift; path = Canvas.swift; sourceTree = "<group>"; };
/* End PBXFileReference section */

/* Begin PBXFrameworksBuildPhase section */
		2ACFD38422B1FA36005AA9EE /* Frameworks */ = {
			isa = PBXFrameworksBuildPhase;
			buildActionMask = 2147483647;
			files = (
			);
			runOnlyForDeploymentPostprocessing = 0;
		};
		2ACFD39822B1FA3B005AA9EE /* Frameworks */ = {
			isa = PBXFrameworksBuildPhase;
			buildActionMask = 2147483647;
			files = (
			);
			runOnlyForDeploymentPostprocessing = 0;
		};
		2ACFD3A322B1FA3B005AA9EE /* Frameworks */ = {
			isa = PBXFrameworksBuildPhase;
			buildActionMask = 2147483647;
			files = (
			);
			runOnlyForDeploymentPostprocessing = 0;
		};
/* End PBXFrameworksBuildPhase section */

/* Begin PBXGroup section */
		2A0A837422B9E99900E97FCC /* Add 3 point */ = {
			isa = PBXGroup;
			children = (
				2A0A837522B9E9BA00E97FCC /* DrawViewController.swift */,
				2A0A837622B9E9BA00E97FCC /* DrawViewController.xib */,
			);
			path = "Add 3 point";
			sourceTree = "<group>";
		};
		2A0A837922BA299700E97FCC /* Page view */ = {
			isa = PBXGroup;
			children = (
				2A0A837A22BA29C800E97FCC /* PageViewController.swift */,
				2A0A837B22BA29C800E97FCC /* PageViewController.xib */,
			);
			path = "Page view";
			sourceTree = "<group>";
		};
		2A524F7822B7405B0064C684 /* ImageView */ = {
			isa = PBXGroup;
			children = (
				2A524F7922B7406F0064C684 /* ImageViewController.swift */,
				2A524F7A22B7406F0064C684 /* ImageViewController.xib */,
			);
			path = ImageView;
			sourceTree = "<group>";
		};
		2A524F7D22B76F8B0064C684 /* Models */ = {
			isa = PBXGroup;
			children = (
				2A524F7E22B76FA80064C684 /* DrawView.swift */,
			);
			path = Models;
			sourceTree = "<group>";
		};
		2A524F8222B89E0E0064C684 /* MoveView */ = {
			isa = PBXGroup;
			children = (
				2A524F8322B89E4A0064C684 /* MoveViewController.swift */,
				2A524F8422B89E4A0064C684 /* MoveViewController.xib */,
			);
			path = MoveView;
			sourceTree = "<group>";
		};
		2ACFD37E22B1FA36005AA9EE = {
			isa = PBXGroup;
			children = (
				2ACFD38922B1FA36005AA9EE /* MapViewDemo */,
				2ACFD39E22B1FA3B005AA9EE /* MapViewDemoTests */,
				2ACFD3A922B1FA3B005AA9EE /* MapViewDemoUITests */,
				2ACFD38822B1FA36005AA9EE /* Products */,
			);
			sourceTree = "<group>";
		};
		2ACFD38822B1FA36005AA9EE /* Products */ = {
			isa = PBXGroup;
			children = (
				2ACFD38722B1FA36005AA9EE /* MapViewDemo.app */,
				2ACFD39B22B1FA3B005AA9EE /* MapViewDemoTests.xctest */,
				2ACFD3A622B1FA3B005AA9EE /* MapViewDemoUITests.xctest */,
			);
			name = Products;
			sourceTree = "<group>";
		};
		2ACFD38922B1FA36005AA9EE /* MapViewDemo */ = {
			isa = PBXGroup;
			children = (
				2A0A837922BA299700E97FCC /* Page view */,
				2A0A837422B9E99900E97FCC /* Add 3 point */,
				2A524F8222B89E0E0064C684 /* MoveView */,
				2A524F7D22B76F8B0064C684 /* Models */,
				2A524F7822B7405B0064C684 /* ImageView */,
				2ACFD3C722B349C8005AA9EE /* Canvas */,
				2ACFD3C222B1FC99005AA9EE /* Location */,
				2ACFD3BD22B1FB35005AA9EE /* MapView */,
				2ACFD3B822B1FA4C005AA9EE /* Home */,
				2ACFD38A22B1FA36005AA9EE /* AppDelegate.swift */,
				2ACFD38E22B1FA36005AA9EE /* Main.storyboard */,
				2ACFD39122B1FA3B005AA9EE /* Assets.xcassets */,
				2ACFD39322B1FA3B005AA9EE /* LaunchScreen.storyboard */,
				2ACFD39622B1FA3B005AA9EE /* Info.plist */,
			);
			path = MapViewDemo;
			sourceTree = "<group>";
		};
		2ACFD39E22B1FA3B005AA9EE /* MapViewDemoTests */ = {
			isa = PBXGroup;
			children = (
				2ACFD39F22B1FA3B005AA9EE /* MapViewDemoTests.swift */,
				2ACFD3A122B1FA3B005AA9EE /* Info.plist */,
			);
			path = MapViewDemoTests;
			sourceTree = "<group>";
		};
		2ACFD3A922B1FA3B005AA9EE /* MapViewDemoUITests */ = {
			isa = PBXGroup;
			children = (
				2ACFD3AA22B1FA3B005AA9EE /* MapViewDemoUITests.swift */,
				2ACFD3AC22B1FA3B005AA9EE /* Info.plist */,
			);
			path = MapViewDemoUITests;
			sourceTree = "<group>";
		};
		2ACFD3B822B1FA4C005AA9EE /* Home */ = {
			isa = PBXGroup;
			children = (
				2ACFD3B922B1FA5A005AA9EE /* HomeViewController.swift */,
				2ACFD3BA22B1FA5A005AA9EE /* HomeViewController.xib */,
				2A524F7622B73AC50064C684 /* PoinView.swift */,
			);
			path = Home;
			sourceTree = "<group>";
		};
		2ACFD3BD22B1FB35005AA9EE /* MapView */ = {
			isa = PBXGroup;
			children = (
				2ACFD3BE22B1FB44005AA9EE /* MapViewController.swift */,
				2ACFD3BF22B1FB44005AA9EE /* MapViewController.xib */,
			);
			path = MapView;
			sourceTree = "<group>";
		};
		2ACFD3C222B1FC99005AA9EE /* Location */ = {
			isa = PBXGroup;
			children = (
				2ACFD3C322B1FCB8005AA9EE /* Location.swift */,
				2ACFD3C522B1FE39005AA9EE /* LocationStorage.swift */,
			);
			path = Location;
			sourceTree = "<group>";
		};
		2ACFD3C722B349C8005AA9EE /* Canvas */ = {
			isa = PBXGroup;
			children = (
				2ACFD3C822B349DD005AA9EE /* Canvas.swift */,
			);
			path = Canvas;
			sourceTree = "<group>";
		};
/* End PBXGroup section */

/* Begin PBXNativeTarget section */
		2ACFD38622B1FA36005AA9EE /* MapViewDemo */ = {
			isa = PBXNativeTarget;
			buildConfigurationList = 2ACFD3AF22B1FA3B005AA9EE /* Build configuration list for PBXNativeTarget "MapViewDemo" */;
			buildPhases = (
				2ACFD38322B1FA36005AA9EE /* Sources */,
				2ACFD38422B1FA36005AA9EE /* Frameworks */,
				2ACFD38522B1FA36005AA9EE /* Resources */,
			);
			buildRules = (
			);
			dependencies = (
			);
			name = MapViewDemo;
			productName = MapViewDemo;
			productReference = 2ACFD38722B1FA36005AA9EE /* MapViewDemo.app */;
			productType = "com.apple.product-type.application";
		};
		2ACFD39A22B1FA3B005AA9EE /* MapViewDemoTests */ = {
			isa = PBXNativeTarget;
			buildConfigurationList = 2ACFD3B222B1FA3B005AA9EE /* Build configuration list for PBXNativeTarget "MapViewDemoTests" */;
			buildPhases = (
				2ACFD39722B1FA3B005AA9EE /* Sources */,
				2ACFD39822B1FA3B005AA9EE /* Frameworks */,
				2ACFD39922B1FA3B005AA9EE /* Resources */,
			);
			buildRules = (
			);
			dependencies = (
				2ACFD39D22B1FA3B005AA9EE /* PBXTargetDependency */,
			);
			name = MapViewDemoTests;
			productName = MapViewDemoTests;
			productReference = 2ACFD39B22B1FA3B005AA9EE /* MapViewDemoTests.xctest */;
			productType = "com.apple.product-type.bundle.unit-test";
		};
		2ACFD3A522B1FA3B005AA9EE /* MapViewDemoUITests */ = {
			isa = PBXNativeTarget;
			buildConfigurationList = 2ACFD3B522B1FA3B005AA9EE /* Build configuration list for PBXNativeTarget "MapViewDemoUITests" */;
			buildPhases = (
				2ACFD3A222B1FA3B005AA9EE /* Sources */,
				2ACFD3A322B1FA3B005AA9EE /* Frameworks */,
				2ACFD3A422B1FA3B005AA9EE /* Resources */,
			);
			buildRules = (
			);
			dependencies = (
				2ACFD3A822B1FA3B005AA9EE /* PBXTargetDependency */,
			);
			name = MapViewDemoUITests;
			productName = MapViewDemoUITests;
			productReference = 2ACFD3A622B1FA3B005AA9EE /* MapViewDemoUITests.xctest */;
			productType = "com.apple.product-type.bundle.ui-testing";
		};
/* End PBXNativeTarget section */

/* Begin PBXProject section */
		2ACFD37F22B1FA36005AA9EE /* Project object */ = {
			isa = PBXProject;
			attributes = {
				LastSwiftUpdateCheck = 1020;
				LastUpgradeCheck = 1020;
				ORGANIZATIONNAME = MBA0145;
				TargetAttributes = {
					2ACFD38622B1FA36005AA9EE = {
						CreatedOnToolsVersion = 10.2.1;
					};
					2ACFD39A22B1FA3B005AA9EE = {
						CreatedOnToolsVersion = 10.2.1;
						TestTargetID = 2ACFD38622B1FA36005AA9EE;
					};
					2ACFD3A522B1FA3B005AA9EE = {
						CreatedOnToolsVersion = 10.2.1;
						TestTargetID = 2ACFD38622B1FA36005AA9EE;
					};
				};
			};
			buildConfigurationList = 2ACFD38222B1FA36005AA9EE /* Build configuration list for PBXProject "MapViewDemo" */;
			compatibilityVersion = "Xcode 9.3";
			developmentRegion = en;
			hasScannedForEncodings = 0;
			knownRegions = (
				en,
				Base,
			);
			mainGroup = 2ACFD37E22B1FA36005AA9EE;
			productRefGroup = 2ACFD38822B1FA36005AA9EE /* Products */;
			projectDirPath = "";
			projectRoot = "";
			targets = (
				2ACFD38622B1FA36005AA9EE /* MapViewDemo */,
				2ACFD39A22B1FA3B005AA9EE /* MapViewDemoTests */,
				2ACFD3A522B1FA3B005AA9EE /* MapViewDemoUITests */,
			);
		};
/* End PBXProject section */

/* Begin PBXResourcesBuildPhase section */
		2ACFD38522B1FA36005AA9EE /* Resources */ = {
			isa = PBXResourcesBuildPhase;
			buildActionMask = 2147483647;
			files = (
				2A0A837D22BA29C800E97FCC /* PageViewController.xib in Resources */,
				2ACFD39522B1FA3B005AA9EE /* LaunchScreen.storyboard in Resources */,
				2ACFD39222B1FA3B005AA9EE /* Assets.xcassets in Resources */,
				2A524F8622B89E4A0064C684 /* MoveViewController.xib in Resources */,
				2ACFD39022B1FA36005AA9EE /* Main.storyboard in Resources */,
				2A0A837822B9E9BA00E97FCC /* DrawViewController.xib in Resources */,
				2ACFD3C122B1FB44005AA9EE /* MapViewController.xib in Resources */,
				2A524F7C22B7406F0064C684 /* ImageViewController.xib in Resources */,
				2ACFD3BC22B1FA5A005AA9EE /* HomeViewController.xib in Resources */,
			);
			runOnlyForDeploymentPostprocessing = 0;
		};
		2ACFD39922B1FA3B005AA9EE /* Resources */ = {
			isa = PBXResourcesBuildPhase;
			buildActionMask = 2147483647;
			files = (
			);
			runOnlyForDeploymentPostprocessing = 0;
		};
		2ACFD3A422B1FA3B005AA9EE /* Resources */ = {
			isa = PBXResourcesBuildPhase;
			buildActionMask = 2147483647;
			files = (
			);
			runOnlyForDeploymentPostprocessing = 0;
		};
/* End PBXResourcesBuildPhase section */

/* Begin PBXSourcesBuildPhase section */
		2ACFD38322B1FA36005AA9EE /* Sources */ = {
			isa = PBXSourcesBuildPhase;
			buildActionMask = 2147483647;
			files = (
				2A0A837722B9E9BA00E97FCC /* DrawViewController.swift in Sources */,
				2ACFD3C622B1FE39005AA9EE /* LocationStorage.swift in Sources */,
				2A524F7722B73AC50064C684 /* PoinView.swift in Sources */,
				2A0A837C22BA29C800E97FCC /* PageViewController.swift in Sources */,
				2ACFD38B22B1FA36005AA9EE /* AppDelegate.swift in Sources */,
				2A524F8522B89E4A0064C684 /* MoveViewController.swift in Sources */,
				2ACFD3C022B1FB44005AA9EE /* MapViewController.swift in Sources */,
				2ACFD3C422B1FCB8005AA9EE /* Location.swift in Sources */,
				2A524F7F22B76FA80064C684 /* DrawView.swift in Sources */,
				2ACFD3BB22B1FA5A005AA9EE /* HomeViewController.swift in Sources */,
				2A524F7B22B7406F0064C684 /* ImageViewController.swift in Sources */,
				2ACFD3C922B349DD005AA9EE /* Canvas.swift in Sources */,
			);
			runOnlyForDeploymentPostprocessing = 0;
		};
		2ACFD39722B1FA3B005AA9EE /* Sources */ = {
			isa = PBXSourcesBuildPhase;
			buildActionMask = 2147483647;
			files = (
				2ACFD3A022B1FA3B005AA9EE /* MapViewDemoTests.swift in Sources */,
			);
			runOnlyForDeploymentPostprocessing = 0;
		};
		2ACFD3A222B1FA3B005AA9EE /* Sources */ = {
			isa = PBXSourcesBuildPhase;
			buildActionMask = 2147483647;
			files = (
				2ACFD3AB22B1FA3B005AA9EE /* MapViewDemoUITests.swift in Sources */,
			);
			runOnlyForDeploymentPostprocessing = 0;
		};
/* End PBXSourcesBuildPhase section */

/* Begin PBXTargetDependency section */
		2ACFD39D22B1FA3B005AA9EE /* PBXTargetDependency */ = {
			isa = PBXTargetDependency;
			target = 2ACFD38622B1FA36005AA9EE /* MapViewDemo */;
			targetProxy = 2ACFD39C22B1FA3B005AA9EE /* PBXContainerItemProxy */;
		};
		2ACFD3A822B1FA3B005AA9EE /* PBXTargetDependency */ = {
			isa = PBXTargetDependency;
			target = 2ACFD38622B1FA36005AA9EE /* MapViewDemo */;
			targetProxy = 2ACFD3A722B1FA3B005AA9EE /* PBXContainerItemProxy */;
		};
/* End PBXTargetDependency section */

/* Begin PBXVariantGroup section */
		2ACFD38E22B1FA36005AA9EE /* Main.storyboard */ = {
			isa = PBXVariantGroup;
			children = (
				2ACFD38F22B1FA36005AA9EE /* Base */,
			);
			name = Main.storyboard;
			sourceTree = "<group>";
		};
		2ACFD39322B1FA3B005AA9EE /* LaunchScreen.storyboard */ = {
			isa = PBXVariantGroup;
			children = (
				2ACFD39422B1FA3B005AA9EE /* Base */,
			);
			name = LaunchScreen.storyboard;
			sourceTree = "<group>";
		};
/* End PBXVariantGroup section */

/* Begin XCBuildConfiguration section */
		2ACFD3AD22B1FA3B005AA9EE /* Debug */ = {
			isa = XCBuildConfiguration;
			buildSettings = {
				ALWAYS_SEARCH_USER_PATHS = NO;
				CLANG_ANALYZER_NONNULL = YES;
				CLANG_ANALYZER_NUMBER_OBJECT_CONVERSION = YES_AGGRESSIVE;
				CLANG_CXX_LANGUAGE_STANDARD = "gnu++14";
				CLANG_CXX_LIBRARY = "libc++";
				CLANG_ENABLE_MODULES = YES;
				CLANG_ENABLE_OBJC_ARC = YES;
				CLANG_ENABLE_OBJC_WEAK = YES;
				CLANG_WARN_BLOCK_CAPTURE_AUTORELEASING = YES;
				CLANG_WARN_BOOL_CONVERSION = YES;
				CLANG_WARN_COMMA = YES;
				CLANG_WARN_CONSTANT_CONVERSION = YES;
				CLANG_WARN_DEPRECATED_OBJC_IMPLEMENTATIONS = YES;
				CLANG_WARN_DIRECT_OBJC_ISA_USAGE = YES_ERROR;
				CLANG_WARN_DOCUMENTATION_COMMENTS = YES;
				CLANG_WARN_EMPTY_BODY = YES;
				CLANG_WARN_ENUM_CONVERSION = YES;
				CLANG_WARN_INFINITE_RECURSION = YES;
				CLANG_WARN_INT_CONVERSION = YES;
				CLANG_WARN_NON_LITERAL_NULL_CONVERSION = YES;
				CLANG_WARN_OBJC_IMPLICIT_RETAIN_SELF = YES;
				CLANG_WARN_OBJC_LITERAL_CONVERSION = YES;
				CLANG_WARN_OBJC_ROOT_CLASS = YES_ERROR;
				CLANG_WARN_RANGE_LOOP_ANALYSIS = YES;
				CLANG_WARN_STRICT_PROTOTYPES = YES;
				CLANG_WARN_SUSPICIOUS_MOVE = YES;
				CLANG_WARN_UNGUARDED_AVAILABILITY = YES_AGGRESSIVE;
				CLANG_WARN_UNREACHABLE_CODE = YES;
				CLANG_WARN__DUPLICATE_METHOD_MATCH = YES;
				CODE_SIGN_IDENTITY = "iPhone Developer";
				COPY_PHASE_STRIP = NO;
				DEBUG_INFORMATION_FORMAT = dwarf;
				ENABLE_STRICT_OBJC_MSGSEND = YES;
				ENABLE_TESTABILITY = YES;
				GCC_C_LANGUAGE_STANDARD = gnu11;
				GCC_DYNAMIC_NO_PIC = NO;
				GCC_NO_COMMON_BLOCKS = YES;
				GCC_OPTIMIZATION_LEVEL = 0;
				GCC_PREPROCESSOR_DEFINITIONS = (
					"DEBUG=1",
					"$(inherited)",
				);
				GCC_WARN_64_TO_32_BIT_CONVERSION = YES;
				GCC_WARN_ABOUT_RETURN_TYPE = YES_ERROR;
				GCC_WARN_UNDECLARED_SELECTOR = YES;
				GCC_WARN_UNINITIALIZED_AUTOS = YES_AGGRESSIVE;
				GCC_WARN_UNUSED_FUNCTION = YES;
				GCC_WARN_UNUSED_VARIABLE = YES;
				IPHONEOS_DEPLOYMENT_TARGET = 12.2;
				MTL_ENABLE_DEBUG_INFO = INCLUDE_SOURCE;
				MTL_FAST_MATH = YES;
				ONLY_ACTIVE_ARCH = YES;
				SDKROOT = iphoneos;
				SWIFT_ACTIVE_COMPILATION_CONDITIONS = DEBUG;
				SWIFT_OPTIMIZATION_LEVEL = "-Onone";
			};
			name = Debug;
		};
		2ACFD3AE22B1FA3B005AA9EE /* Release */ = {
			isa = XCBuildConfiguration;
			buildSettings = {
				ALWAYS_SEARCH_USER_PATHS = NO;
				CLANG_ANALYZER_NONNULL = YES;
				CLANG_ANALYZER_NUMBER_OBJECT_CONVERSION = YES_AGGRESSIVE;
				CLANG_CXX_LANGUAGE_STANDARD = "gnu++14";
				CLANG_CXX_LIBRARY = "libc++";
				CLANG_ENABLE_MODULES = YES;
				CLANG_ENABLE_OBJC_ARC = YES;
				CLANG_ENABLE_OBJC_WEAK = YES;
				CLANG_WARN_BLOCK_CAPTURE_AUTORELEASING = YES;
				CLANG_WARN_BOOL_CONVERSION = YES;
				CLANG_WARN_COMMA = YES;
				CLANG_WARN_CONSTANT_CONVERSION = YES;
				CLANG_WARN_DEPRECATED_OBJC_IMPLEMENTATIONS = YES;
				CLANG_WARN_DIRECT_OBJC_ISA_USAGE = YES_ERROR;
				CLANG_WARN_DOCUMENTATION_COMMENTS = YES;
				CLANG_WARN_EMPTY_BODY = YES;
				CLANG_WARN_ENUM_CONVERSION = YES;
				CLANG_WARN_INFINITE_RECURSION = YES;
				CLANG_WARN_INT_CONVERSION = YES;
				CLANG_WARN_NON_LITERAL_NULL_CONVERSION = YES;
				CLANG_WARN_OBJC_IMPLICIT_RETAIN_SELF = YES;
				CLANG_WARN_OBJC_LITERAL_CONVERSION = YES;
				CLANG_WARN_OBJC_ROOT_CLASS = YES_ERROR;
				CLANG_WARN_RANGE_LOOP_ANALYSIS = YES;
				CLANG_WARN_STRICT_PROTOTYPES = YES;
				CLANG_WARN_SUSPICIOUS_MOVE = YES;
				CLANG_WARN_UNGUARDED_AVAILABILITY = YES_AGGRESSIVE;
				CLANG_WARN_UNREACHABLE_CODE = YES;
				CLANG_WARN__DUPLICATE_METHOD_MATCH = YES;
				CODE_SIGN_IDENTITY = "iPhone Developer";
				COPY_PHASE_STRIP = NO;
				DEBUG_INFORMATION_FORMAT = "dwarf-with-dsym";
				ENABLE_NS_ASSERTIONS = NO;
				ENABLE_STRICT_OBJC_MSGSEND = YES;
				GCC_C_LANGUAGE_STANDARD = gnu11;
				GCC_NO_COMMON_BLOCKS = YES;
				GCC_WARN_64_TO_32_BIT_CONVERSION = YES;
				GCC_WARN_ABOUT_RETURN_TYPE = YES_ERROR;
				GCC_WARN_UNDECLARED_SELECTOR = YES;
				GCC_WARN_UNINITIALIZED_AUTOS = YES_AGGRESSIVE;
				GCC_WARN_UNUSED_FUNCTION = YES;
				GCC_WARN_UNUSED_VARIABLE = YES;
				IPHONEOS_DEPLOYMENT_TARGET = 12.2;
				MTL_ENABLE_DEBUG_INFO = NO;
				MTL_FAST_MATH = YES;
				SDKROOT = iphoneos;
				SWIFT_COMPILATION_MODE = wholemodule;
				SWIFT_OPTIMIZATION_LEVEL = "-O";
				VALIDATE_PRODUCT = YES;
			};
			name = Release;
		};
		2ACFD3B022B1FA3B005AA9EE /* Debug */ = {
			isa = XCBuildConfiguration;
			buildSettings = {
				ASSETCATALOG_COMPILER_APPICON_NAME = AppIcon;
				CODE_SIGN_STYLE = Automatic;
				DEVELOPMENT_TEAM = 2BCU3J6S3C;
				INFOPLIST_FILE = MapViewDemo/Info.plist;
				IPHONEOS_DEPLOYMENT_TARGET = 11.4;
				LD_RUNPATH_SEARCH_PATHS = (
					"$(inherited)",
					"@executable_path/Frameworks",
				);
				PRODUCT_BUNDLE_IDENTIFIER = MBA0145.MapViewDemo;
				PRODUCT_NAME = "$(TARGET_NAME)";
				SWIFT_VERSION = 5.0;
				TARGETED_DEVICE_FAMILY = "1,2";
			};
			name = Debug;
		};
		2ACFD3B122B1FA3B005AA9EE /* Release */ = {
			isa = XCBuildConfiguration;
			buildSettings = {
				ASSETCATALOG_COMPILER_APPICON_NAME = AppIcon;
				CODE_SIGN_STYLE = Automatic;
				DEVELOPMENT_TEAM = 2BCU3J6S3C;
				INFOPLIST_FILE = MapViewDemo/Info.plist;
				IPHONEOS_DEPLOYMENT_TARGET = 11.4;
				LD_RUNPATH_SEARCH_PATHS = (
					"$(inherited)",
					"@executable_path/Frameworks",
				);
				PRODUCT_BUNDLE_IDENTIFIER = MBA0145.MapViewDemo;
				PRODUCT_NAME = "$(TARGET_NAME)";
				SWIFT_VERSION = 5.0;
				TARGETED_DEVICE_FAMILY = "1,2";
			};
			name = Release;
		};
		2ACFD3B322B1FA3B005AA9EE /* Debug */ = {
			isa = XCBuildConfiguration;
			buildSettings = {
				ALWAYS_EMBED_SWIFT_STANDARD_LIBRARIES = YES;
				BUNDLE_LOADER = "$(TEST_HOST)";
				CODE_SIGN_STYLE = Automatic;
				INFOPLIST_FILE = MapViewDemoTests/Info.plist;
				LD_RUNPATH_SEARCH_PATHS = (
					"$(inherited)",
					"@executable_path/Frameworks",
					"@loader_path/Frameworks",
				);
				PRODUCT_BUNDLE_IDENTIFIER = MBA0145.MapViewDemoTests;
				PRODUCT_NAME = "$(TARGET_NAME)";
				SWIFT_VERSION = 5.0;
				TARGETED_DEVICE_FAMILY = "1,2";
				TEST_HOST = "$(BUILT_PRODUCTS_DIR)/MapViewDemo.app/MapViewDemo";
			};
			name = Debug;
		};
		2ACFD3B422B1FA3B005AA9EE /* Release */ = {
			isa = XCBuildConfiguration;
			buildSettings = {
				ALWAYS_EMBED_SWIFT_STANDARD_LIBRARIES = YES;
				BUNDLE_LOADER = "$(TEST_HOST)";
				CODE_SIGN_STYLE = Automatic;
				INFOPLIST_FILE = MapViewDemoTests/Info.plist;
				LD_RUNPATH_SEARCH_PATHS = (
					"$(inherited)",
					"@executable_path/Frameworks",
					"@loader_path/Frameworks",
				);
				PRODUCT_BUNDLE_IDENTIFIER = MBA0145.MapViewDemoTests;
				PRODUCT_NAME = "$(TARGET_NAME)";
				SWIFT_VERSION = 5.0;
				TARGETED_DEVICE_FAMILY = "1,2";
				TEST_HOST = "$(BUILT_PRODUCTS_DIR)/MapViewDemo.app/MapViewDemo";
			};
			name = Release;
		};
		2ACFD3B622B1FA3B005AA9EE /* Debug */ = {
			isa = XCBuildConfiguration;
			buildSettings = {
				ALWAYS_EMBED_SWIFT_STANDARD_LIBRARIES = YES;
				CODE_SIGN_STYLE = Automatic;
				INFOPLIST_FILE = MapViewDemoUITests/Info.plist;
				LD_RUNPATH_SEARCH_PATHS = (
					"$(inherited)",
					"@executable_path/Frameworks",
					"@loader_path/Frameworks",
				);
				PRODUCT_BUNDLE_IDENTIFIER = MBA0145.MapViewDemoUITests;
				PRODUCT_NAME = "$(TARGET_NAME)";
				SWIFT_VERSION = 5.0;
				TARGETED_DEVICE_FAMILY = "1,2";
				TEST_TARGET_NAME = MapViewDemo;
			};
			name = Debug;
		};
		2ACFD3B722B1FA3B005AA9EE /* Release */ = {
			isa = XCBuildConfiguration;
			buildSettings = {
				ALWAYS_EMBED_SWIFT_STANDARD_LIBRARIES = YES;
				CODE_SIGN_STYLE = Automatic;
				INFOPLIST_FILE = MapViewDemoUITests/Info.plist;
				LD_RUNPATH_SEARCH_PATHS = (
					"$(inherited)",
					"@executable_path/Frameworks",
					"@loader_path/Frameworks",
				);
				PRODUCT_BUNDLE_IDENTIFIER = MBA0145.MapViewDemoUITests;
				PRODUCT_NAME = "$(TARGET_NAME)";
				SWIFT_VERSION = 5.0;
				TARGETED_DEVICE_FAMILY = "1,2";
				TEST_TARGET_NAME = MapViewDemo;
			};
			name = Release;
		};
/* End XCBuildConfiguration section */

/* Begin XCConfigurationList section */
		2ACFD38222B1FA36005AA9EE /* Build configuration list for PBXProject "MapViewDemo" */ = {
			isa = XCConfigurationList;
			buildConfigurations = (
				2ACFD3AD22B1FA3B005AA9EE /* Debug */,
				2ACFD3AE22B1FA3B005AA9EE /* Release */,
			);
			defaultConfigurationIsVisible = 0;
			defaultConfigurationName = Release;
		};
		2ACFD3AF22B1FA3B005AA9EE /* Build configuration list for PBXNativeTarget "MapViewDemo" */ = {
			isa = XCConfigurationList;
			buildConfigurations = (
				2ACFD3B022B1FA3B005AA9EE /* Debug */,
				2ACFD3B122B1FA3B005AA9EE /* Release */,
			);
			defaultConfigurationIsVisible = 0;
			defaultConfigurationName = Release;
		};
		2ACFD3B222B1FA3B005AA9EE /* Build configuration list for PBXNativeTarget "MapViewDemoTests" */ = {
			isa = XCConfigurationList;
			buildConfigurations = (
				2ACFD3B322B1FA3B005AA9EE /* Debug */,
				2ACFD3B422B1FA3B005AA9EE /* Release */,
			);
			defaultConfigurationIsVisible = 0;
			defaultConfigurationName = Release;
		};
		2ACFD3B522B1FA3B005AA9EE /* Build configuration list for PBXNativeTarget "MapViewDemoUITests" */ = {
			isa = XCConfigurationList;
			buildConfigurations = (
				2ACFD3B622B1FA3B005AA9EE /* Debug */,
				2ACFD3B722B1FA3B005AA9EE /* Release */,
			);
			defaultConfigurationIsVisible = 0;
			defaultConfigurationName = Release;
		};
/* End XCConfigurationList section */
	};
	rootObject = 2ACFD37F22B1FA36005AA9EE /* Project object */;
}
